
Microsoft Visual Studio Solution File, Format Version 12.00
# Visual Studio Version 16
VisualStudioVersion = 16.0.33328.57
MinimumVisualStudioVersion = 10.0.40219.1
Project("{9A19103F-16F7-4668-BE54-9A1E7A4F7556}") = "PirateLang", "PirateLang\PirateLang.csproj", "{52590720-C967-4A8D-9673-1C9CB083942B}"
EndProject
Project("{FAE04EC0-301F-11D3-BF4B-00C04F79EFBC}") = "PirateLangConsoleApp", "PirateLangConsoleApp\PirateLangConsoleApp.csproj", "{26919374-1B4D-4A12-9828-DA6C861064A8}"
	ProjectSection(ProjectDependencies) = postProject
		{52590720-C967-4A8D-9673-1C9CB083942B} = {52590720-C967-4A8D-9673-1C9CB083942B}
	EndProjectSection
EndProject
Global
	GlobalSection(SolutionConfigurationPlatforms) = preSolution
		Debug|Any CPU = Debug|Any CPU
		Release|Any CPU = Release|Any CPU
	EndGlobalSection
	GlobalSection(ProjectConfigurationPlatforms) = postSolution
		{52590720-C967-4A8D-9673-1C9CB083942B}.Debug|Any CPU.ActiveCfg = Debug|Any CPU
		{52590720-C967-4A8D-9673-1C9CB083942B}.Debug|Any CPU.Build.0 = Debug|Any CPU
		{52590720-C967-4A8D-9673-1C9CB083942B}.Release|Any CPU.ActiveCfg = Release|Any CPU
		{52590720-C967-4A8D-9673-1C9CB083942B}.Release|Any CPU.Build.0 = Release|Any CPU
		{26919374-1B4D-4A12-9828-DA6C861064A8}.Debug|Any CPU.ActiveCfg = Debug|Any CPU
		{26919374-1B4D-4A12-9828-DA6C861064A8}.Debug|Any CPU.Build.0 = Debug|Any CPU
		{26919374-1B4D-4A12-9828-DA6C861064A8}.Release|Any CPU.ActiveCfg = Release|Any CPU
		{26919374-1B4D-4A12-9828-DA6C861064A8}.Release|Any CPU.Build.0 = Release|Any CPU
	EndGlobalSection
	GlobalSection(SolutionProperties) = preSolution
		HideSolutionNode = FALSE
	EndGlobalSection
	GlobalSection(ExtensibilityGlobals) = postSolution
		SolutionGuid = {A085F462-5A4F-47A5-BE1D-164FB2530923}
	EndGlobalSection
EndGlobal
